
Microsoft Visual Studio Solution File, Format Version 12.00
# Visual Studio 15
VisualStudioVersion = 15.0.28307.1022
MinimumVisualStudioVersion = 10.0.40219.1
Project("{9A19103F-16F7-4668-BE54-9A1E7A4F7556}") = "ConsoleApp2", "ConsoleApp2\ConsoleApp2.csproj", "{BE5240FD-9545-4D02-B533-157BF007D29B}"
EndProject
Project("{FAE04EC0-301F-11D3-BF4B-00C04F79EFBC}") = "UnitTestProject2", "UnitTestProject2\UnitTestProject2.csproj", "{821DB435-6C0A-4C48-BA65-7F9E94FF01AE}"
EndProject
Global
	GlobalSection(SolutionConfigurationPlatforms) = preSolution
		Debug|Any CPU = Debug|Any CPU
		Release|Any CPU = Release|Any CPU
	EndGlobalSection
	GlobalSection(ProjectConfigurationPlatforms) = postSolution
		{BE5240FD-9545-4D02-B533-157BF007D29B}.Debug|Any CPU.ActiveCfg = Debug|Any CPU
		{BE5240FD-9545-4D02-B533-157BF007D29B}.Debug|Any CPU.Build.0 = Debug|Any CPU
		{BE5240FD-9545-4D02-B533-157BF007D29B}.Release|Any CPU.ActiveCfg = Release|Any CPU
		{BE5240FD-9545-4D02-B533-157BF007D29B}.Release|Any CPU.Build.0 = Release|Any CPU
		{821DB435-6C0A-4C48-BA65-7F9E94FF01AE}.Debug|Any CPU.ActiveCfg = Debug|Any CPU
		{821DB435-6C0A-4C48-BA65-7F9E94FF01AE}.Debug|Any CPU.Build.0 = Debug|Any CPU
		{821DB435-6C0A-4C48-BA65-7F9E94FF01AE}.Release|Any CPU.ActiveCfg = Release|Any CPU
		{821DB435-6C0A-4C48-BA65-7F9E94FF01AE}.Release|Any CPU.Build.0 = Release|Any CPU
	EndGlobalSection
	GlobalSection(SolutionProperties) = preSolution
		HideSolutionNode = FALSE
	EndGlobalSection
	GlobalSection(ExtensibilityGlobals) = postSolution
		SolutionGuid = {AF670112-5A57-4CE5-B162-1DF8F9F1B05E}
	EndGlobalSection
EndGlobal
